// !$*UTF8*$!
{
	archiveVersion = 1;
	classes = {
	};
	objectVersion = 77;
	objects = {

/* Begin PBXBuildFile section */
		9519CA0A2D819619002AC873 /* Preview Assets.xcassets in Resources */ = {isa = PBXBuildFile; fileRef = 9519CA042D819619002AC873 /* Preview Assets.xcassets */; };
		9519CA0B2D819619002AC873 /* Assets.xcassets in Resources */ = {isa = PBXBuildFile; fileRef = 9519CA062D819619002AC873 /* Assets.xcassets */; };
		9519CA0D2D819619002AC873 /* OnBoardingSwiftUIApp.swift in Sources */ = {isa = PBXBuildFile; fileRef = 9519CA082D819619002AC873 /* OnBoardingSwiftUIApp.swift */; };
		9519CA182D8196BB002AC873 /* OnBoardingView.swift in Sources */ = {isa = PBXBuildFile; fileRef = 9519CA172D8196B2002AC873 /* OnBoardingView.swift */; };
		9519CA1A2D8196C7002AC873 /* OnBoardingModel.swift in Sources */ = {isa = PBXBuildFile; fileRef = 9519CA192D8196C0002AC873 /* OnBoardingModel.swift */; };
		9519CA1D2D8196E0002AC873 /* OnBoardingViewModel.swift in Sources */ = {isa = PBXBuildFile; fileRef = 9519CA1C2D8196D6002AC873 /* OnBoardingViewModel.swift */; };
/* End PBXBuildFile section */

/* Begin PBXFileReference section */
		9519C9F32D8193FA002AC873 /* OnBoardingSwiftUI.app */ = {isa = PBXFileReference; explicitFileType = wrapper.application; includeInIndex = 0; path = OnBoardingSwiftUI.app; sourceTree = BUILT_PRODUCTS_DIR; };
		9519CA042D819619002AC873 /* Preview Assets.xcassets */ = {isa = PBXFileReference; lastKnownFileType = folder.assetcatalog; path = "Preview Assets.xcassets"; sourceTree = "<group>"; };
		9519CA062D819619002AC873 /* Assets.xcassets */ = {isa = PBXFileReference; lastKnownFileType = folder.assetcatalog; path = Assets.xcassets; sourceTree = "<group>"; };
		9519CA082D819619002AC873 /* OnBoardingSwiftUIApp.swift */ = {isa = PBXFileReference; lastKnownFileType = sourcecode.swift; path = OnBoardingSwiftUIApp.swift; sourceTree = "<group>"; };
		9519CA172D8196B2002AC873 /* OnBoardingView.swift */ = {isa = PBXFileReference; lastKnownFileType = sourcecode.swift; path = OnBoardingView.swift; sourceTree = "<group>"; };
		9519CA192D8196C0002AC873 /* OnBoardingModel.swift */ = {isa = PBXFileReference; lastKnownFileType = sourcecode.swift; path = OnBoardingModel.swift; sourceTree = "<group>"; };
		9519CA1C2D8196D6002AC873 /* OnBoardingViewModel.swift */ = {isa = PBXFileReference; lastKnownFileType = sourcecode.swift; path = OnBoardingViewModel.swift; sourceTree = "<group>"; };
/* End PBXFileReference section */

/* Begin PBXFrameworksBuildPhase section */
		9519C9F02D8193FA002AC873 /* Frameworks */ = {
			isa = PBXFrameworksBuildPhase;
			buildActionMask = 2147483647;
			files = (
			);
			runOnlyForDeploymentPostprocessing = 0;
		};
/* End PBXFrameworksBuildPhase section */

/* Begin PBXGroup section */
		9519C9EA2D8193FA002AC873 = {
			isa = PBXGroup;
			children = (
				9519CA092D819619002AC873 /* OnBoardingSwiftUI */,
				9519C9F42D8193FA002AC873 /* Products */,
			);
			sourceTree = "<group>";
		};
		9519C9F42D8193FA002AC873 /* Products */ = {
			isa = PBXGroup;
			children = (
				9519C9F32D8193FA002AC873 /* OnBoardingSwiftUI.app */,
			);
			name = Products;
			sourceTree = "<group>";
		};
		9519CA052D819619002AC873 /* Preview Content */ = {
			isa = PBXGroup;
			children = (
				9519CA042D819619002AC873 /* Preview Assets.xcassets */,
			);
			path = "Preview Content";
			sourceTree = "<group>";
		};
		9519CA092D819619002AC873 /* OnBoardingSwiftUI */ = {
			isa = PBXGroup;
			children = (
				9519CA162D819690002AC873 /* Application */,
				9519CA152D81967B002AC873 /* Resources */,
				9519CA112D819638002AC873 /* Screens */,
			);
			path = OnBoardingSwiftUI;
			sourceTree = "<group>";
		};
		9519CA102D819638002AC873 /* OnBoarding */ = {
			isa = PBXGroup;
			children = (
				9519CA142D819655002AC873 /* Model */,
				9519CA132D81964E002AC873 /* View */,
				9519CA122D819644002AC873 /* ViewModel */,
			);
			path = OnBoarding;
			sourceTree = "<group>";
		};
		9519CA112D819638002AC873 /* Screens */ = {
			isa = PBXGroup;
			children = (
				9519CA102D819638002AC873 /* OnBoarding */,
			);
			path = Screens;
			sourceTree = "<group>";
		};
		9519CA122D819644002AC873 /* ViewModel */ = {
			isa = PBXGroup;
			children = (
				9519CA1C2D8196D6002AC873 /* OnBoardingViewModel.swift */,
			);
			path = ViewModel;
			sourceTree = "<group>";
		};
		9519CA132D81964E002AC873 /* View */ = {
			isa = PBXGroup;
			children = (
				9519CA172D8196B2002AC873 /* OnBoardingView.swift */,
			);
			path = View;
			sourceTree = "<group>";
		};
		9519CA142D819655002AC873 /* Model */ = {
			isa = PBXGroup;
			children = (
				9519CA192D8196C0002AC873 /* OnBoardingModel.swift */,
			);
			path = Model;
			sourceTree = "<group>";
		};
		9519CA152D81967B002AC873 /* Resources */ = {
			isa = PBXGroup;
			children = (
				9519CA052D819619002AC873 /* Preview Content */,
				9519CA062D819619002AC873 /* Assets.xcassets */,
			);
			path = Resources;
			sourceTree = "<group>";
		};
		9519CA162D819690002AC873 /* Application */ = {
			isa = PBXGroup;
			children = (
				9519CA082D819619002AC873 /* OnBoardingSwiftUIApp.swift */,
			);
			path = Application;
			sourceTree = "<group>";
		};
/* End PBXGroup section */

/* Begin PBXNativeTarget section */
		9519C9F22D8193FA002AC873 /* OnBoardingSwiftUI */ = {
			isa = PBXNativeTarget;
			buildConfigurationList = 9519CA012D8193FC002AC873 /* Build configuration list for PBXNativeTarget "OnBoardingSwiftUI" */;
			buildPhases = (
				9519C9EF2D8193FA002AC873 /* Sources */,
				9519C9F02D8193FA002AC873 /* Frameworks */,
				9519C9F12D8193FA002AC873 /* Resources */,
			);
			buildRules = (
			);
			dependencies = (
			);
			name = OnBoardingSwiftUI;
			packageProductDependencies = (
			);
			productName = OnBoardingSwiftUI;
			productReference = 9519C9F32D8193FA002AC873 /* OnBoardingSwiftUI.app */;
			productType = "com.apple.product-type.application";
		};
/* End PBXNativeTarget section */

/* Begin PBXProject section */
		9519C9EB2D8193FA002AC873 /* Project object */ = {
			isa = PBXProject;
			attributes = {
				BuildIndependentTargetsInParallel = 1;
				LastSwiftUpdateCheck = 1610;
				LastUpgradeCheck = 1610;
				TargetAttributes = {
					9519C9F22D8193FA002AC873 = {
						CreatedOnToolsVersion = 16.1;
					};
				};
			};
			buildConfigurationList = 9519C9EE2D8193FA002AC873 /* Build configuration list for PBXProject "OnBoardingSwiftUI" */;
			developmentRegion = en;
			hasScannedForEncodings = 0;
			knownRegions = (
				en,
				Base,
			);
			mainGroup = 9519C9EA2D8193FA002AC873;
			minimizedProjectReferenceProxies = 1;
			preferredProjectObjectVersion = 77;
			productRefGroup = 9519C9F42D8193FA002AC873 /* Products */;
			projectDirPath = "";
			projectRoot = "";
			targets = (
				9519C9F22D8193FA002AC873 /* OnBoardingSwiftUI */,
			);
		};
/* End PBXProject section */

/* Begin PBXResourcesBuildPhase section */
		9519C9F12D8193FA002AC873 /* Resources */ = {
			isa = PBXResourcesBuildPhase;
			buildActionMask = 2147483647;
			files = (
				9519CA0A2D819619002AC873 /* Preview Assets.xcassets in Resources */,
				9519CA0B2D819619002AC873 /* Assets.xcassets in Resources */,
			);
			runOnlyForDeploymentPostprocessing = 0;
		};
/* End PBXResourcesBuildPhase section */

/* Begin PBXSourcesBuildPhase section */
		9519C9EF2D8193FA002AC873 /* Sources */ = {
			isa = PBXSourcesBuildPhase;
			buildActionMask = 2147483647;
			files = (
				9519CA1A2D8196C7002AC873 /* OnBoardingModel.swift in Sources */,
				9519CA182D8196BB002AC873 /* OnBoardingView.swift in Sources */,
				9519CA1D2D8196E0002AC873 /* OnBoardingViewModel.swift in Sources */,
				9519CA0D2D819619002AC873 /* OnBoardingSwiftUIApp.swift in Sources */,
			);
			runOnlyForDeploymentPostprocessing = 0;
		};
/* End PBXSourcesBuildPhase section */

/* Begin XCBuildConfiguration section */
		9519C9FF2D8193FC002AC873 /* Debug */ = {
			isa = XCBuildConfiguration;
			buildSettings = {
				ALWAYS_SEARCH_USER_PATHS = NO;
				ASSETCATALOG_COMPILER_GENERATE_SWIFT_ASSET_SYMBOL_EXTENSIONS = YES;
				CLANG_ANALYZER_NONNULL = YES;
				CLANG_ANALYZER_NUMBER_OBJECT_CONVERSION = YES_AGGRESSIVE;
				CLANG_CXX_LANGUAGE_STANDARD = "gnu++20";
				CLANG_ENABLE_MODULES = YES;
				CLANG_ENABLE_OBJC_ARC = YES;
				CLANG_ENABLE_OBJC_WEAK = YES;
				CLANG_WARN_BLOCK_CAPTURE_AUTORELEASING = YES;
				CLANG_WARN_BOOL_CONVERSION = YES;
				CLANG_WARN_COMMA = YES;
				CLANG_WARN_CONSTANT_CONVERSION = YES;
				CLANG_WARN_DEPRECATED_OBJC_IMPLEMENTATIONS = YES;
				CLANG_WARN_DIRECT_OBJC_ISA_USAGE = YES_ERROR;
				CLANG_WARN_DOCUMENTATION_COMMENTS = YES;
				CLANG_WARN_EMPTY_BODY = YES;
				CLANG_WARN_ENUM_CONVERSION = YES;
				CLANG_WARN_INFINITE_RECURSION = YES;
				CLANG_WARN_INT_CONVERSION = YES;
				CLANG_WARN_NON_LITERAL_NULL_CONVERSION = YES;
				CLANG_WARN_OBJC_IMPLICIT_RETAIN_SELF = YES;
				CLANG_WARN_OBJC_LITERAL_CONVERSION = YES;
				CLANG_WARN_OBJC_ROOT_CLASS = YES_ERROR;
				CLANG_WARN_QUOTED_INCLUDE_IN_FRAMEWORK_HEADER = YES;
				CLANG_WARN_RANGE_LOOP_ANALYSIS = YES;
				CLANG_WARN_STRICT_PROTOTYPES = YES;
				CLANG_WARN_SUSPICIOUS_MOVE = YES;
				CLANG_WARN_UNGUARDED_AVAILABILITY = YES_AGGRESSIVE;
				CLANG_WARN_UNREACHABLE_CODE = YES;
				CLANG_WARN__DUPLICATE_METHOD_MATCH = YES;
				COPY_PHASE_STRIP = NO;
				DEBUG_INFORMATION_FORMAT = dwarf;
				ENABLE_STRICT_OBJC_MSGSEND = YES;
				ENABLE_TESTABILITY = YES;
				ENABLE_USER_SCRIPT_SANDBOXING = YES;
				GCC_C_LANGUAGE_STANDARD = gnu17;
				GCC_DYNAMIC_NO_PIC = NO;
				GCC_NO_COMMON_BLOCKS = YES;
				GCC_OPTIMIZATION_LEVEL = 0;
				GCC_PREPROCESSOR_DEFINITIONS = (
					"DEBUG=1",
					"$(inherited)",
				);
				GCC_WARN_64_TO_32_BIT_CONVERSION = YES;
				GCC_WARN_ABOUT_RETURN_TYPE = YES_ERROR;
				GCC_WARN_UNDECLARED_SELECTOR = YES;
				GCC_WARN_UNINITIALIZED_AUTOS = YES_AGGRESSIVE;
				GCC_WARN_UNUSED_FUNCTION = YES;
				GCC_WARN_UNUSED_VARIABLE = YES;
				IPHONEOS_DEPLOYMENT_TARGET = 18.1;
				LOCALIZATION_PREFERS_STRING_CATALOGS = YES;
				MTL_ENABLE_DEBUG_INFO = INCLUDE_SOURCE;
				MTL_FAST_MATH = YES;
				ONLY_ACTIVE_ARCH = YES;
				SDKROOT = iphoneos;
				SWIFT_ACTIVE_COMPILATION_CONDITIONS = "DEBUG $(inherited)";
				SWIFT_OPTIMIZATION_LEVEL = "-Onone";
			};
			name = Debug;
		};
		9519CA002D8193FC002AC873 /* Release */ = {
			isa = XCBuildConfiguration;
			buildSettings = {
				ALWAYS_SEARCH_USER_PATHS = NO;
				ASSETCATALOG_COMPILER_GENERATE_SWIFT_ASSET_SYMBOL_EXTENSIONS = YES;
				CLANG_ANALYZER_NONNULL = YES;
				CLANG_ANALYZER_NUMBER_OBJECT_CONVERSION = YES_AGGRESSIVE;
				CLANG_CXX_LANGUAGE_STANDARD = "gnu++20";
				CLANG_ENABLE_MODULES = YES;
				CLANG_ENABLE_OBJC_ARC = YES;
				CLANG_ENABLE_OBJC_WEAK = YES;
				CLANG_WARN_BLOCK_CAPTURE_AUTORELEASING = YES;
				CLANG_WARN_BOOL_CONVERSION = YES;
				CLANG_WARN_COMMA = YES;
				CLANG_WARN_CONSTANT_CONVERSION = YES;
				CLANG_WARN_DEPRECATED_OBJC_IMPLEMENTATIONS = YES;
				CLANG_WARN_DIRECT_OBJC_ISA_USAGE = YES_ERROR;
				CLANG_WARN_DOCUMENTATION_COMMENTS = YES;
				CLANG_WARN_EMPTY_BODY = YES;
				CLANG_WARN_ENUM_CONVERSION = YES;
				CLANG_WARN_INFINITE_RECURSION = YES;
				CLANG_WARN_INT_CONVERSION = YES;
				CLANG_WARN_NON_LITERAL_NULL_CONVERSION = YES;
				CLANG_WARN_OBJC_IMPLICIT_RETAIN_SELF = YES;
				CLANG_WARN_OBJC_LITERAL_CONVERSION = YES;
				CLANG_WARN_OBJC_ROOT_CLASS = YES_ERROR;
				CLANG_WARN_QUOTED_INCLUDE_IN_FRAMEWORK_HEADER = YES;
				CLANG_WARN_RANGE_LOOP_ANALYSIS = YES;
				CLANG_WARN_STRICT_PROTOTYPES = YES;
				CLANG_WARN_SUSPICIOUS_MOVE = YES;
				CLANG_WARN_UNGUARDED_AVAILABILITY = YES_AGGRESSIVE;
				CLANG_WARN_UNREACHABLE_CODE = YES;
				CLANG_WARN__DUPLICATE_METHOD_MATCH = YES;
				COPY_PHASE_STRIP = NO;
				DEBUG_INFORMATION_FORMAT = "dwarf-with-dsym";
				ENABLE_NS_ASSERTIONS = NO;
				ENABLE_STRICT_OBJC_MSGSEND = YES;
				ENABLE_USER_SCRIPT_SANDBOXING = YES;
				GCC_C_LANGUAGE_STANDARD = gnu17;
				GCC_NO_COMMON_BLOCKS = YES;
				GCC_WARN_64_TO_32_BIT_CONVERSION = YES;
				GCC_WARN_ABOUT_RETURN_TYPE = YES_ERROR;
				GCC_WARN_UNDECLARED_SELECTOR = YES;
				GCC_WARN_UNINITIALIZED_AUTOS = YES_AGGRESSIVE;
				GCC_WARN_UNUSED_FUNCTION = YES;
				GCC_WARN_UNUSED_VARIABLE = YES;
				IPHONEOS_DEPLOYMENT_TARGET = 18.1;
				LOCALIZATION_PREFERS_STRING_CATALOGS = YES;
				MTL_ENABLE_DEBUG_INFO = NO;
				MTL_FAST_MATH = YES;
				SDKROOT = iphoneos;
				SWIFT_COMPILATION_MODE = wholemodule;
				VALIDATE_PRODUCT = YES;
			};
			name = Release;
		};
		9519CA022D8193FC002AC873 /* Debug */ = {
			isa = XCBuildConfiguration;
			buildSettings = {
				ASSETCATALOG_COMPILER_APPICON_NAME = AppIcon;
				ASSETCATALOG_COMPILER_GLOBAL_ACCENT_COLOR_NAME = AccentColor;
				CODE_SIGN_STYLE = Automatic;
				CURRENT_PROJECT_VERSION = 1;
				DEVELOPMENT_ASSET_PATHS = "";
				DEVELOPMENT_TEAM = 4G9PKH759L;
				ENABLE_PREVIEWS = YES;
				GENERATE_INFOPLIST_FILE = YES;
				INFOPLIST_KEY_UIApplicationSceneManifest_Generation = YES;
				INFOPLIST_KEY_UIApplicationSupportsIndirectInputEvents = YES;
				INFOPLIST_KEY_UILaunchScreen_Generation = YES;
				INFOPLIST_KEY_UISupportedInterfaceOrientations_iPad = "UIInterfaceOrientationPortrait UIInterfaceOrientationPortraitUpsideDown UIInterfaceOrientationLandscapeLeft UIInterfaceOrientationLandscapeRight";
				INFOPLIST_KEY_UISupportedInterfaceOrientations_iPhone = "UIInterfaceOrientationPortrait UIInterfaceOrientationLandscapeLeft UIInterfaceOrientationLandscapeRight";
				LD_RUNPATH_SEARCH_PATHS = (
					"$(inherited)",
					"@executable_path/Frameworks",
				);
				MARKETING_VERSION = 1.0;
				PRODUCT_BUNDLE_IDENTIFIER = test.develop.OnBoardingSwiftUI;
				PRODUCT_NAME = "$(TARGET_NAME)";
				SWIFT_EMIT_LOC_STRINGS = YES;
				SWIFT_VERSION = 5.0;
				TARGETED_DEVICE_FAMILY = "1,2";
			};
			name = Debug;
		};
		9519CA032D8193FC002AC873 /* Release */ = {
			isa = XCBuildConfiguration;
			buildSettings = {
				ASSETCATALOG_COMPILER_APPICON_NAME = AppIcon;
				ASSETCATALOG_COMPILER_GLOBAL_ACCENT_COLOR_NAME = AccentColor;
				CODE_SIGN_STYLE = Automatic;
				CURRENT_PROJECT_VERSION = 1;
				DEVELOPMENT_ASSET_PATHS = "";
				DEVELOPMENT_TEAM = 4G9PKH759L;
				ENABLE_PREVIEWS = YES;
				GENERATE_INFOPLIST_FILE = YES;
				INFOPLIST_KEY_UIApplicationSceneManifest_Generation = YES;
				INFOPLIST_KEY_UIApplicationSupportsIndirectInputEvents = YES;
				INFOPLIST_KEY_UILaunchScreen_Generation = YES;
				INFOPLIST_KEY_UISupportedInterfaceOrientations_iPad = "UIInterfaceOrientationPortrait UIInterfaceOrientationPortraitUpsideDown UIInterfaceOrientationLandscapeLeft UIInterfaceOrientationLandscapeRight";
				INFOPLIST_KEY_UISupportedInterfaceOrientations_iPhone = "UIInterfaceOrientationPortrait UIInterfaceOrientationLandscapeLeft UIInterfaceOrientationLandscapeRight";
				LD_RUNPATH_SEARCH_PATHS = (
					"$(inherited)",
					"@executable_path/Frameworks",
				);
				MARKETING_VERSION = 1.0;
				PRODUCT_BUNDLE_IDENTIFIER = test.develop.OnBoardingSwiftUI;
				PRODUCT_NAME = "$(TARGET_NAME)";
				SWIFT_EMIT_LOC_STRINGS = YES;
				SWIFT_VERSION = 5.0;
				TARGETED_DEVICE_FAMILY = "1,2";
			};
			name = Release;
		};
/* End XCBuildConfiguration section */

/* Begin XCConfigurationList section */
		9519C9EE2D8193FA002AC873 /* Build configuration list for PBXProject "OnBoardingSwiftUI" */ = {
			isa = XCConfigurationList;
			buildConfigurations = (
				9519C9FF2D8193FC002AC873 /* Debug */,
				9519CA002D8193FC002AC873 /* Release */,
			);
			defaultConfigurationIsVisible = 0;
			defaultConfigurationName = Release;
		};
		9519CA012D8193FC002AC873 /* Build configuration list for PBXNativeTarget "OnBoardingSwiftUI" */ = {
			isa = XCConfigurationList;
			buildConfigurations = (
				9519CA022D8193FC002AC873 /* Debug */,
				9519CA032D8193FC002AC873 /* Release */,
			);
			defaultConfigurationIsVisible = 0;
			defaultConfigurationName = Release;
		};
/* End XCConfigurationList section */
	};
	rootObject = 9519C9EB2D8193FA002AC873 /* Project object */;
}
